
Microsoft Visual Studio Solution File, Format Version 12.00
# Visual Studio Version 17
VisualStudioVersion = 17.6.33815.320
MinimumVisualStudioVersion = 10.0.40219.1
Project("{FAE04EC0-301F-11D3-BF4B-00C04F79EFBC}") = "DesafioContratacao", "DesafioContratacao\DesafioContratacao.csproj", "{DA1E9050-365F-4D44-8D42-A185C6951E51}"
EndProject
Global
	GlobalSection(SolutionConfigurationPlatforms) = preSolution
		Debug|Any CPU = Debug|Any CPU
		Release|Any CPU = Release|Any CPU
	EndGlobalSection
	GlobalSection(ProjectConfigurationPlatforms) = postSolution
		{DA1E9050-365F-4D44-8D42-A185C6951E51}.Debug|Any CPU.ActiveCfg = Debug|Any CPU
		{DA1E9050-365F-4D44-8D42-A185C6951E51}.Debug|Any CPU.Build.0 = Debug|Any CPU
		{DA1E9050-365F-4D44-8D42-A185C6951E51}.Release|Any CPU.ActiveCfg = Release|Any CPU
		{DA1E9050-365F-4D44-8D42-A185C6951E51}.Release|Any CPU.Build.0 = Release|Any CPU
	EndGlobalSection
	GlobalSection(SolutionProperties) = preSolution
		HideSolutionNode = FALSE
	EndGlobalSection
	GlobalSection(ExtensibilityGlobals) = postSolution
		SolutionGuid = {6B8238B8-33BF-4292-B159-EE5E4D3B8CDF}
	EndGlobalSection
EndGlobal
